<?xml version="1.0" encoding="UTF-8" standalone="yes" ?>
<CodeBlocks_project_file>
	<FileVersion major="1" minor="6" />
	<Project>
		<Option title="kete-arka" />
		<Option pch_mode="2" />
		<Option compiler="gcc" />
		<Build>
			<Target title="Debug">
				<Option output="bin/Debug/kete-arka" prefix_auto="1" extension_auto="1" />
				<Option object_output="obj/Debug/" />
				<Option type="1" />
				<Option compiler="gcc" />
				<Compiler>
					<Add option="-g" />
				</Compiler>
				<Linker>
					<Add library="H:/GRUPOS/ACREDITACIONES/TRABAJADORES_CA/ALEX/PrOG/SFML-2.5.1/lib/libsfml-graphics-d.a" />
					<Add library="H:/GRUPOS/ACREDITACIONES/TRABAJADORES_CA/ALEX/PrOG/SFML-2.5.1/lib/libsfml-window-d.a" />
					<Add library="H:/GRUPOS/ACREDITACIONES/TRABAJADORES_CA/ALEX/PrOG/SFML-2.5.1/lib/libsfml-system-d.a" />
				</Linker>
			</Target>
			<Target title="Release">
				<Option output="bin/Release/kete-arka" prefix_auto="1" extension_auto="1" />
				<Option object_output="obj/Release/" />
				<Option type="1" />
				<Option compiler="gcc" />
				<Compiler>
					<Add option="-O2" />
				</Compiler>
				<Linker>
					<Add option="-s" />
					<Add library="H:/GRUPOS/ACREDITACIONES/TRABAJADORES_CA/ALEX/PrOG/SFML-2.5.1/lib/libsfml-graphics.a" />
					<Add library="H:/GRUPOS/ACREDITACIONES/TRABAJADORES_CA/ALEX/PrOG/SFML-2.5.1/lib/libsfml-window.a" />
					<Add library="H:/GRUPOS/ACREDITACIONES/TRABAJADORES_CA/ALEX/PrOG/SFML-2.5.1/lib/libsfml-system.a" />
				</Linker>
			</Target>
		</Build>
		<Compiler>
			<Add option="-Wall" />
			<Add directory="H:/GRUPOS/ACREDITACIONES/TRABAJADORES_CA/ALEX/PrOG/SFML-2.5.1/include" />
		</Compiler>
		<Linker>
			<Add directory="H:/GRUPOS/ACREDITACIONES/TRABAJADORES_CA/ALEX/PrOG/SFML-2.5.1/lib" />
		</Linker>
		<Unit filename="classes/ball.cc" />
		<Unit filename="classes/ball.h" />
		<Unit filename="classes/brick.cc" />
		<Unit filename="classes/brick.h" />
		<Unit filename="classes/game.cc" />
		<Unit filename="classes/game.h" />
		<Unit filename="classes/gui.cc" />
		<Unit filename="classes/gui.h" />
		<Unit filename="classes/logger.cc" />
		<Unit filename="classes/logger.h" />
		<Unit filename="classes/player.cc" />
		<Unit filename="classes/player.h" />
		<Unit filename="classes/ship.cc" />
		<Unit filename="classes/ship.h" />
		<Unit filename="config.h" />
		<Unit filename="main.cc" />
		<Extensions>
			<code_completion />
			<editor_config active="1" use_tabs="0" tab_indents="1" tab_width="2" indent="2" eol_mode="2" />
			<envvars />
			<debugger />
			<lib_finder disable_auto="1" />
			<DoxyBlocks>
				<comment_style block="5" line="0" />
				<doxyfile_project />
				<doxyfile_build />
				<doxyfile_warnings />
				<doxyfile_output />
				<doxyfile_dot />
				<general use_at_in_tags="1" />
			</DoxyBlocks>
		</Extensions>
	</Project>
</CodeBlocks_project_file>
